
Microsoft Visual Studio Solution File, Format Version 12.00
Project("{FAE04EC0-301F-11D3-BF4B-00C04F79EFBC}") = "Mcma.Cli", "Mcma.Cli\Mcma.Cli.csproj", "{A5A59702-9B04-4D21-A991-A8F29F56473C}"
EndProject
Project("{FAE04EC0-301F-11D3-BF4B-00C04F79EFBC}") = "Mcma.Management", "Mcma.Management\Mcma.Management.csproj", "{C1F06BEA-1894-47ED-9854-31BD152B37C6}"
EndProject
Project("{FAE04EC0-301F-11D3-BF4B-00C04F79EFBC}") = "Mcma.Management.Gradle", "Mcma.Management.Gradle\Mcma.Management.Gradle.csproj", "{E2A9119A-1EC8-428A-945F-4FE7658C4B17}"
EndProject
Global
	GlobalSection(SolutionConfigurationPlatforms) = preSolution
		Debug|Any CPU = Debug|Any CPU
		Release|Any CPU = Release|Any CPU
	EndGlobalSection
	GlobalSection(ProjectConfigurationPlatforms) = postSolution
		{A5A59702-9B04-4D21-A991-A8F29F56473C}.Debug|Any CPU.ActiveCfg = Debug|Any CPU
		{A5A59702-9B04-4D21-A991-A8F29F56473C}.Debug|Any CPU.Build.0 = Debug|Any CPU
		{A5A59702-9B04-4D21-A991-A8F29F56473C}.Release|Any CPU.ActiveCfg = Release|Any CPU
		{A5A59702-9B04-4D21-A991-A8F29F56473C}.Release|Any CPU.Build.0 = Release|Any CPU
		{C1F06BEA-1894-47ED-9854-31BD152B37C6}.Debug|Any CPU.ActiveCfg = Debug|Any CPU
		{C1F06BEA-1894-47ED-9854-31BD152B37C6}.Debug|Any CPU.Build.0 = Debug|Any CPU
		{C1F06BEA-1894-47ED-9854-31BD152B37C6}.Release|Any CPU.ActiveCfg = Release|Any CPU
		{C1F06BEA-1894-47ED-9854-31BD152B37C6}.Release|Any CPU.Build.0 = Release|Any CPU
		{E2A9119A-1EC8-428A-945F-4FE7658C4B17}.Debug|Any CPU.ActiveCfg = Debug|Any CPU
		{E2A9119A-1EC8-428A-945F-4FE7658C4B17}.Debug|Any CPU.Build.0 = Debug|Any CPU
		{E2A9119A-1EC8-428A-945F-4FE7658C4B17}.Release|Any CPU.ActiveCfg = Release|Any CPU
		{E2A9119A-1EC8-428A-945F-4FE7658C4B17}.Release|Any CPU.Build.0 = Release|Any CPU
	EndGlobalSection
EndGlobal
